# This file was autogenerated by Stack.
# You should not edit this file by hand.
# For more information, please see the documentation at:
#   https://docs.haskellstack.org/en/stable/lock_files

packages:
- completed:
    hackage: bloodhound-0.16.0.0@sha256:542c3f274bc016944b283cd033264d5f704850be2c3888e6f1e29204ace83a89,5670
    pantry-tree:
      sha256: bfbd51ccfff5074963c14f5b0c2d0b0e15ab6362c313d359388e8a7534355498
      size: 4812
  original:
    hackage: bloodhound-0.16.0.0
- completed:
    hackage: gtk3-0.15.1@sha256:86cdd17df569aa641835e5bcae304bc405aa397469888a0540860cfc050b788d,19475
    pantry-tree:
      sha256: 40caeb8662385911c89bd5c512b4ee0557f9ca0c69ba8bef50c4ea7686cacdbe
      size: 21251
  original:
    hackage: gtk3-0.15.1
- completed:
    hackage: cairo-0.13.6.0@sha256:a9122d48957a2dbb5a177e5068b850efa1e99bb22c68eb2571165c3c945a8dd6,4187
    pantry-tree:
      sha256: 180df55408086398e9901a6bcb2720da6fcecac5f57abcdb4df1251a686f1bb7
      size: 2830
  original:
    hackage: cairo-0.13.6.0
- completed:
    hackage: gio-0.13.6.0@sha256:00fce1b49c902ba82433cc018fb5d4651797464342a9cbc66df2c62bb8884650,3102
    pantry-tree:
      sha256: c61dab13582a46f50257d4789c7f37a9954e15bdc0deddf698a1dc19077a74c2
      size: 2036
  original:
    hackage: gio-0.13.6.0
- completed:
    hackage: glib-0.13.7.0@sha256:25f62eb48d104342537dd1c724f07355d56226ca595ce6f1848415fbb7f59fa7,3120
    pantry-tree:
      sha256: 3c465a6ff9d66eeff421271202e5f2537babf865d38541fed78b983317698c71
      size: 1625
  original:
    hackage: glib-0.13.7.0
- completed:
    hackage: pango-0.13.6.0@sha256:ed8d300945bea97ccb652efc73d159634aefebff8c64f60eef6b6ac5ecebc4ae,3881
    pantry-tree:
      sha256: 4563a04bbeac051cb257534bce68240956868936d64bf1b81c377aae0c98f9b1
      size: 1506
  original:
    hackage: pango-0.13.6.0
snapshots:
- completed:
    sha256: 005f204647467d65c4ab549a5ca35d54b3d90a84a99a4ffc5d421a4018854fe2
    size: 618509
    url: https://raw.githubusercontent.com/commercialhaskell/stackage-snapshots/master/lts/19/10.yaml
  original: lts-19.10
