# This file was autogenerated by Stack.
# You should not edit this file by hand.
# For more information, please see the documentation at:
#   https://docs.haskellstack.org/en/stable/lock_files

packages:
- completed:
    pantry-tree:
      sha256: 416127fd578b11c2bbb3cabdce212d939f040ddf390c54caebf4ceda02222872
      size: 38191
    hackage: aeson-2.1.0.0@sha256:b0bdd457ff05f0924f6055e5265a5a70e8f719f6e92b3c98a6af922495539ef2,5937
  original:
    hackage: aeson-2.1.0.0
- completed:
    pantry-tree:
      sha256: b4753f79437f6a4204f6baf4087eb737d6184e38af1bb68925fc13b6f1a6dac1
      size: 1551
    hackage: cassava-0.5.2.0@sha256:5f2fb613e07a2318fccf5f994cd40bfdaeec2dcca9929737c6e3120e043461fd,6051
  original:
    hackage: cassava-0.5.2.0
- completed:
    pantry-tree:
      sha256: 1db0dcb6890feff1b87ea180a4c4a0611cda399a700822bd75970a2b7ad02dbc
      size: 212
    hackage: data-default-0.7.1.1@sha256:2804e8d14f521a1edee88b68b66347448e7f3b685868290fdc55930e4471f5a9,645
  original:
    hackage: data-default-0.7.1.1
- completed:
    pantry-tree:
      sha256: 5defa30010904d2ad05a036f3eaf83793506717c93cbeb599f40db1a3632cfc5
      size: 551
    hackage: dependent-map-0.4.0.0@sha256:ca2b131046f4340a1c35d138c5a003fe4a5be96b14efc26291ed35fd08c62221,1657
  original:
    hackage: dependent-map-0.4.0.0
- completed:
    pantry-tree:
      sha256: 64370d3d5a86df30b4460e55d980074fe7577eef0385101a31da8e2de50b8813
      size: 290
    hackage: dependent-sum-0.7.1.0@sha256:2943074c14ba06401d5bf47aeb71ed3a3f68da4d3db3ae4ca9ac02f35458fc34,2147
  original:
    hackage: dependent-sum-0.7.1.0
- completed:
    pantry-tree:
      sha256: f22ce42e4c26be1548047fc51214ce158f5672d630b9ce260513b8b9bcfc2a9f
      size: 436
    hackage: dependent-sum-template-0.1.1.1@sha256:f3789e58ec1b0b91fbe4009708b3c6c5e34975a4059073eb855a0fe8ff287bd8,1847
  original:
    hackage: dependent-sum-template-0.1.1.1
- completed:
    pantry-tree:
      sha256: 8467afe9c94b2756e5703fed0950b51418bd877acbdd72e9dc3488b8f28f4e82
      size: 953
    hackage: dlist-1.0@sha256:124cb3aa1decebd5171b46601b1f74cca6cfae12d266ace3799b86dd05ef7cb4,3560
  original:
    hackage: dlist-1.0
- completed:
    pantry-tree:
      sha256: eb24ef4a2e6db32252a3767054853210f810f19dc5b878c2068c563dafcbeaee
      size: 959
    hackage: foldl-1.4.12@sha256:5978eb44a494b2778b8dca89f8af8a502aa090df223f030f1732d78911b632f6,2668
  original:
    hackage: foldl-1.4.12
- completed:
    pantry-tree:
      sha256: bf86cf70b5bc561e709c7befd6d6e230692d3f2cbe40f10262f55a3d98b30346
      size: 1243
    hackage: formatting-7.1.3@sha256:47db39cf5b0c6be005f3eaf346ee3e36bac07f5c35b0e6703d0d6f883b9c78c4,3539
  original:
    hackage: formatting-7.1.3
- completed:
    pantry-tree:
      sha256: a37d3576d0624fa58ff4522e8544a18fc2903d8fc448fd229513edb0681ada4b
      size: 21251
    hackage: gtk3-0.15.7@sha256:d2c599bbed3b7965956db564c5e2bccf4b42b7123628b663901da7da5c90c421,19495
  original:
    hackage: gtk3-0.15.7
- completed:
    pantry-tree:
      sha256: 8372e84e9c710097f4f80f2016ca15a5a0cd7884b8ac5ce70f26b3110f4401bd
      size: 2547
    hackage: http-client-0.7.11@sha256:3f59ac8ffe2a3768846cdda040a0d1df2a413960529ba61c839861c948871967,5756
  original:
    hackage: http-client-0.7.11
- completed:
    pantry-tree:
      sha256: b3340c67dfeec8d5bceb7f29b15a2f781c998ab321e9f8036b4fd54e95d76582
      size: 2077
    hackage: inflections-0.4.0.6@sha256:513918615e102680a24abcbde3c6c0746c7b17f4f1f6095d8596714a38426498,3499
  original:
    hackage: inflections-0.4.0.6
- completed:
    pantry-tree:
      sha256: 501be2d21ecc9629673b549a62424d9e408190580a24d2a17bc5ca121f1649e6
      size: 8214
    hackage: lens-5.1.1@sha256:c86423436b3b301f9882a28cadfebeb10537b2f22ec9690200356389941bd837,14521
  original:
    hackage: lens-5.1.1
- completed:
    pantry-tree:
      sha256: 3b4398845ee6718fe2303870a5ab75bd190eb712fed2f22caaae30f790c490fd
      size: 3124
    hackage: optparse-applicative-0.17.0.0@sha256:0713e54cbb341e5cae979e2ac441eb3a5ff42e303001f432bd58c19e5638bdda,4967
  original:
    hackage: optparse-applicative-0.17.0.0
- completed:
    pantry-tree:
      sha256: 2a839845b75d600ab5a51c582a740de87805f794caa5836b6a16250d9b535789
      size: 1588
    hackage: profunctors-5.6.2@sha256:3d3685119243a7ebf984fa6af03299d156ab7674a432e2e15ecee2a4fd420fb6,2483
  original:
    hackage: profunctors-5.6.2
- completed:
    pantry-tree:
      sha256: 20fd58aaba4380d0575ce8d61884440d6063c6509a57a7540bb8bce8c02e44a9
      size: 2802
    hackage: servant-0.19@sha256:8d1119c20d6eccb56e308642ec376eaa1b267a8dd761aa85a10e299e64371e3c,5562
  original:
    hackage: servant-0.19
- completed:
    pantry-tree:
      sha256: 4ffa3bf817ae10eb48fe68a5f4008774697de687246d843ca5be66faea0700c0
      size: 1435
    hackage: servant-client-0.19@sha256:a8b540cedf2e75f80dad2e99f2b8c7e4a4a050976858e075b45b122eaaa64399,4900
  original:
    hackage: servant-client-0.19
- completed:
    pantry-tree:
      sha256: 5822e994d8b57b859f15c877931aee031b9f7182ba9ef5c03cac3b05e2303c37
      size: 2614
    hackage: servant-server-0.19.1@sha256:e5788f21872a045ab588f2c93d538791f21623f5c1b9885952348a147a095aa1,5709
  original:
    hackage: servant-server-0.19.1
- completed:
    pantry-tree:
      sha256: 3ddc60975289f9a0726fbf6c98f8004caa3365a1bf5d6a1c4fcf399203f405be
      size: 5335
    hackage: statistics-0.16.1.0@sha256:68c719c034370839f7e8846bf2a79cdd5a205590755e2cd7d2f70cbd7e46b736,5618
  original:
    hackage: statistics-0.16.1.0
- completed:
    pantry-tree:
      sha256: 6c2d24a9678865e2a5f4b6286cb17228673a6987fb546bf07b89ffbd19716ad2
      size: 275
    hackage: transformers-base-0.4.6@sha256:6f18f320e371c8954c4b6b211e2fdd5d15a6d6310bd605b9d640f47ede408961,1643
  original:
    hackage: transformers-base-0.4.6
- completed:
    pantry-tree:
      sha256: 8e6d12a18493a741c736c66d3f19be48ea9e52acdd38e66cfe87bbfd88cdbf7e
      size: 2146
    hackage: vinyl-0.14.3@sha256:08565c5d9ed8a5ba69915bffe8960f048587478155d5915a56d2e93b8ba3466f,4267
  original:
    hackage: vinyl-0.14.3
- completed:
    pantry-tree:
      sha256: c56fb396d410fc2639b382f552f9aae140bc8dc405f4760629f2c52ca6cdcc5c
      size: 3973
    hackage: warp-3.3.21@sha256:a1b046f4690cb4bb1d351b22340eb5e23bef0a4940423190ea4c352e8388e7ff,11087
  original:
    hackage: warp-3.3.21
- completed:
    pantry-tree:
      sha256: a685b08622f1fe0641e4f228a290878a1db4f7ef3eb63d00b10e8632097d1e6f
      size: 506
    hackage: OneTuple-0.3.1@sha256:a848c096c9d29e82ffdd30a9998aa2931cbccb3a1bc137539d80f6174d31603e,2262
  original:
    hackage: OneTuple-0.3.1
- completed:
    pantry-tree:
      sha256: e999ae7690fc1e13bb471bc1ead6d7a5c245843d17862d3d27f7f0f752513257
      size: 210
    hackage: Only-0.1@sha256:f92f5da97e647451f1ee7f5bf44914fb75062d08ccd3f36b2000d649c63d13aa,1373
  original:
    hackage: Only-0.1
- completed:
    pantry-tree:
      sha256: 2fe423d0ed7cd64f0f165d708779f48814e66c4f181c568468134af55d86a5f8
      size: 2315
    hackage: QuickCheck-2.14.2@sha256:4ce29211223d5e6620ebceba34a3ca9ccf1c10c0cf387d48aea45599222ee5aa,7736
  original:
    hackage: QuickCheck-2.14.2
- completed:
    pantry-tree:
      sha256: 0a2390ba39c3b84f68e382cb25b58cea66d61a89dab818bb5e2a6c12642e2e21
      size: 472
    hackage: ansi-wl-pprint-0.6.9@sha256:212144ea0623b1170807a4162db05d87f26cf10b334aeadd0edb377aba06a1ce,2425
  original:
    hackage: ansi-wl-pprint-0.6.9
- completed:
    pantry-tree:
      sha256: 760f0aa60d4beb6a893ae9f73f64f5e93dc4414487bc0c8dfa33dadffd338de9
      size: 290
    hackage: assoc-1.0.2@sha256:e0d9d1febc172e2a1b22aacd25df7f90be557dcf12ff87359f43128f8c194d9e,1237
  original:
    hackage: assoc-1.0.2
- completed:
    pantry-tree:
      sha256: 08b8a9f8d2e27d51b04fb9c14f65e1209c7f24160d2a4557963900edb2c0f07d
      size: 501
    hackage: async-2.2.4@sha256:b83dec34a53520de84c6dd3dc7aae45d22409b46eb471c478b98108215a370f0,3095
  original:
    hackage: async-2.2.4
- completed:
    pantry-tree:
      sha256: 5b8e087f73d334019252606b1f64b986cef61946a085ccb77c6bc4d038691c48
      size: 5039
    hackage: attoparsec-0.14.4@sha256:79584bdada8b730cb5138fca8c35c76fbef75fc1d1e01e6b1d815a5ee9843191,5810
  original:
    hackage: attoparsec-0.14.4
- completed:
    pantry-tree:
      sha256: 5e27352ca8e89e569204445b3f7be4951afbcd10cbac701ece75d2070cbed130
      size: 828
    hackage: auto-update-0.1.6@sha256:10adca282e131a2fa01fb7a411b02811685c1cea02e9813df2d7fb468b5ef638,1373
  original:
    hackage: auto-update-0.1.6
- completed:
    pantry-tree:
      sha256: 2f2c14615443954f117613d77835234b598718e611fb4cf4522e01980bf1bcbd
      size: 9038
    hackage: base-compat-0.12.1@sha256:20e50848d9dfee1523fafe8950060b04fae43d402c15553da5c7cacd116f7846,6960
  original:
    hackage: base-compat-0.12.1
- completed:
    pantry-tree:
      sha256: 64edb51a988b4a362f0ba4172ad4e3d140ee69129dd68a4d08004fe506cc09ae
      size: 11169
    hackage: base-compat-batteries-0.12.1@sha256:ee819d7570b2fda1012d29db945a1778c388ef8c0c282e45c8fe4eae7616a25c,8891
  original:
    hackage: base-compat-batteries-0.12.1
- completed:
    pantry-tree:
      sha256: f889d6903383305688e6e703982bfdc985649b7d4538429e44f98f99d8f73c07
      size: 1272
    hackage: base-orphans-0.8.6@sha256:eb6758d0160d607e0c45dbd6b196f515b9a589fd4f6d2f926929dd5d56282d37,3175
  original:
    hackage: base-orphans-0.8.6
- completed:
    pantry-tree:
      sha256: 1154783dd163be45502456716ca44c4244d0aa6e7cf1aa4e7763efb3485a509c
      size: 850
    hackage: base64-bytestring-1.2.1.0@sha256:50ec0e229255d4c45cbdd568da011311b8887f304b931564886016f4984334d8,2396
  original:
    hackage: base64-bytestring-1.2.1.0
- completed:
    pantry-tree:
      sha256: 57bfb3fb91de3561aca360f5a6565ebda9e444e063fcf47d9fff3fb79c0a6abc
      size: 1758
    hackage: bifunctors-5.5.12@sha256:6c13bd960633e779673717f560209827d001486fc65e07c92c88867f6bf2050a,3794
  original:
    hackage: bifunctors-5.5.12
- completed:
    pantry-tree:
      sha256: 5b6b4f7b1c9ca98bd7cb979849fc9e018b48ef49089c98b2766179b5087695ea
      size: 3102
    hackage: blaze-builder-0.4.2.2@sha256:f0017df374c330de0ebe0eb15eae8c48427bddefa1d81a3cb31c0a4812ecdb08,3685
  original:
    hackage: blaze-builder-0.4.2.2
- completed:
    pantry-tree:
      sha256: dfdd4147ba63807dc8b393e99061c5680822abd935bc60844fc9e1b23121ffa3
      size: 460
    hackage: bsb-http-chunked-0.0.0.4@sha256:add530e695ea3058bf4f7156a1ca85653ff3635b87ec6d1be8c4891645190f96,2678
  original:
    hackage: bsb-http-chunked-0.0.0.4
- completed:
    pantry-tree:
      sha256: 04134fa69cdd824b4e4bb7f77e7173e0705f27deabdbbf99549c549400191e1e
      size: 501
    hackage: call-stack-0.4.0@sha256:ac44d2c00931dc20b01750da8c92ec443eb63a7231e8550188cb2ac2385f7feb,1200
  original:
    hackage: call-stack-0.4.0
- completed:
    pantry-tree:
      sha256: d6f175b17eacce002fc5336c17e119d989bd97f8ad9702446163c9e27c7c79b7
      size: 688
    hackage: case-insensitive-1.2.1.0@sha256:9dfd3171fc7698cf8d931727d3af3a7b389135b583e46b5adac1f9d2026fff61,2244
  original:
    hackage: case-insensitive-1.2.1.0
- completed:
    pantry-tree:
      sha256: 3e62393d5c7671b21d8aa84ef9ee0550334053711c80b5beeca295466a6615c7
      size: 499
    hackage: clock-0.8.3@sha256:a692159828c2cd278eaec317b3a7e9fb6d7b787c8a19f086004d15d9fa1fd72c,4601
  original:
    hackage: clock-0.8.3
- completed:
    pantry-tree:
      sha256: 394660fe7fa4127e5a181890bce28b9fcd6eb180ba25aa5566bc8b5bdd385517
      size: 1618
    hackage: comonad-5.0.8@sha256:1f1aabd73ec7f80f20cf078a748a60cd48d8e57277802fdf6a9ab3601a9b8f7e,3631
  original:
    hackage: comonad-5.0.8
- completed:
    pantry-tree:
      sha256: 33ad0e51fc2546956554265c8b14519e89daa9958bc03ba8415192741ab5bf46
      size: 867
    hackage: constraints-0.13.4@sha256:2133e56e14e130a1a40b0737deeaf6859402279720210531723bc19b898c5544,2396
  original:
    hackage: constraints-0.13.4
- completed:
    pantry-tree:
      sha256: 0cf83fcb2e7a8d028fecb1ea13e5b1a7b2dfa7bed619b997a673d608a8a46578
      size: 595
    hackage: constraints-extras-0.3.2.1@sha256:90488db4db9ddfe1804805b774cc189bc36ec3d2ac59d751c6078c4a6996036f,1788
  original:
    hackage: constraints-extras-0.3.2.1
- completed:
    pantry-tree:
      sha256: 9eb62fea28548dc8a0f60fd47c12843092b78b24ed771b8ad63a0bb34dba8bc4
      size: 652
    hackage: contravariant-1.5.5@sha256:470ed0e040e879e2da4af1b2c8f94e199f6135852a8107858d5ae0a95365835f,3041
  original:
    hackage: contravariant-1.5.5
- completed:
    pantry-tree:
      sha256: 60ea383838fb35f55265cbf84905a8f17434bb498f90d691621cbd2156da43e4
      size: 360
    hackage: cookie-0.4.5@sha256:22bbe2bea34cfc546eaca2468386035fec521b8dbae52f5aa2f994ed68b35e0e,1448
  original:
    hackage: cookie-0.4.5
- completed:
    pantry-tree:
      sha256: 5017630b11698aefa65fc61cab84a257ce97833c968d425e1b2d53d6c3b5c096
      size: 224
    hackage: data-default-class-0.1.2.0@sha256:63e62120b7efd733a5a17cf59ceb43268e9a929c748127172d7d42f4a336e327,542
  original:
    hackage: data-default-class-0.1.2.0
- completed:
    pantry-tree:
      sha256: 3e61b45fb5aa231cff29025b1d36561d7d6b17fa91cdddd15d854615a3fe1ae0
      size: 254
    hackage: data-default-instances-containers-0.0.1@sha256:6e1f4b28028a3bc455aaf4b5a9104b71ea72cff78b1b8041863df7afd1a8deb3,527
  original:
    hackage: data-default-instances-containers-0.0.1
- completed:
    pantry-tree:
      sha256: 705ebc2408e66631dac47e400fd963deaefe8a55de662b5f1950c47a590632ce
      size: 244
    hackage: data-default-instances-dlist-0.0.1@sha256:4286abacbb256c392907701be16986a6e07f2beaf2778e7bd925465655d9e301,507
  original:
    hackage: data-default-instances-dlist-0.0.1
- completed:
    pantry-tree:
      sha256: 91a62d701bea1432cc0126dd25005a4480e4a5082b2fae5e9d36f96fb8bbffb5
      size: 253
    hackage: data-default-instances-old-locale-0.0.1@sha256:d4a757f68f0f83531fcb34a4525fe6769c54a45182e28ffdfff19c2b0ace42fb,526
  original:
    hackage: data-default-instances-old-locale-0.0.1
- completed:
    pantry-tree:
      sha256: 327440e3a8d6c69617f67d49e3904c8d4b69558ea9f92f7856658b930ee64717
      size: 262
    hackage: data-fix-0.3.2@sha256:e909776381648a75e82438a40df33c05397b57119b80bb83e38189370319b67a,1692
  original:
    hackage: data-fix-0.3.2
- completed:
    pantry-tree:
      sha256: 0e2ee435d95826d73ea46ce2c42adf7f9a1d8b0c2aea9f7e7503e5907549cb9a
      size: 625
    hackage: dense-linear-algebra-0.1.0.0@sha256:918e5fa7e367a58446dcd2b2288a7d84113b0820b5b5e1cef5bd1bdc601b4368,1894
  original:
    hackage: dense-linear-algebra-0.1.0.0
- completed:
    pantry-tree:
      sha256: a42bed5fe0ba295643538312dee6c9436314c05a6f7efdd32b4303979f8bd744
      size: 735
    hackage: distributive-0.6.2.1@sha256:0f99f5541cca04acf89b64432b03422b6408e830a8dff30e6c4334ef1a48680c,2996
  original:
    hackage: distributive-0.6.2.1
- completed:
    pantry-tree:
      sha256: c859c045a63c9e9c9a87c7ae94eed3bfeee1067c4740c40cea42e347748b0867
      size: 5576
    hackage: double-conversion-2.0.4.1@sha256:af090bdd1e5bac120d09073af3e7c442c83aeb77b5dbe8a20bcf2ac58998aca0,4138
  original:
    hackage: double-conversion-2.0.4.1
- completed:
    pantry-tree:
      sha256: e3c7366033514ef2b7afbd63d701f2e23e8173acb5eb5f369434e969a4d83d24
      size: 3308
    hackage: free-5.1.8@sha256:fb8936a06a84ed8cd8ec7ff6658925c5ac0c1e3d7812a3e6c2fce2590265d3a9,4987
  original:
    hackage: free-5.1.8
- completed:
    pantry-tree:
      sha256: 302b140ee5ccf6754ab96154486051f9ab989d3cbaa7c9674e1e9f0de7cdd07b
      size: 232
    hackage: generically-0.1@sha256:16d54a08bcdf708395c2200a28ffcba55e90479dc96ed617dbb94f0411f7a7af,1024
  original:
    hackage: generically-0.1
- completed:
    pantry-tree:
      sha256: 05c7bfafbf73d7d8eff5915b580e5ef6bf85232764fad871476a6952f746d9f9
      size: 887
    hackage: http-api-data-0.4.3@sha256:f4134a06d6544193a4d088df362e132a6cb71a0538f5636bf860971cd0879960,3845
  original:
    hackage: http-api-data-0.4.3
- completed:
    pantry-tree:
      sha256: 8b850ea9f5bdbe3430c305181f44dd02f96613a325f0d2cd1b68a2f024c4bda1
      size: 706
    hackage: http-date-0.0.11@sha256:b278b07f880705e3b0b073206ad26954548b666d616733c9a6b5d50993f547d4,1758
  original:
    hackage: http-date-0.0.11
- completed:
    pantry-tree:
      sha256: 5a2a24cd9d1fbb5c53f58f04dd5b86d27661f03e98b0c409ad3e4c4505160817
      size: 2127
    hackage: http-media-0.8.0.0@sha256:3b3f61fe0a4b0d49a2a3cb4fd4ce4a6febb9f7095134ced3f65e2aae06522623,4244
  original:
    hackage: http-media-0.8.0.0
- completed:
    pantry-tree:
      sha256: c9b77e1ba204fffbe4e1be80412bc48e47440a07e4b7db4cdc77d573a3e21b9a
      size: 833
    hackage: http-types-0.12.3@sha256:f35229edb1bc7b3ae27f961b2407dadb5bfa69d43a8f5337ab46cdc79ca4afe9,2035
  original:
    hackage: http-types-0.12.3
- completed:
    pantry-tree:
      sha256: 0a77b00489ad6da2c20f1f32abab01dab65886c9dfa52c31b2eab86f27648f1f
      size: 46005
    hackage: http2-3.0.3@sha256:309c7198fbccf136e949a2b630d7fec2557478c4af4a2c8c5523b71ec00c88b9,15906
  original:
    hackage: http2-3.0.3
- completed:
    pantry-tree:
      sha256: 7edfd8672d45016089df7227d9f6452117632a7236d4e71b24a2a1041cab4701
      size: 495
    hackage: indexed-traversable-0.1.2@sha256:d66228887242f93ccb4fc7101a1e25a6560c8e4708f6e9ee1d3dd21901756c65,2519
  original:
    hackage: indexed-traversable-0.1.2
- completed:
    pantry-tree:
      sha256: 707d8d3c66d153d4671a7c12cacf9928e3d2df93b9d411b6c7462c4073c3c619
      size: 480
    hackage: indexed-traversable-instances-0.1.1@sha256:69ce2476ac8376bc269ca05a7a5973f033d4a7736793dc22a3ec3032da70ceb7,3224
  original:
    hackage: indexed-traversable-instances-0.1.1
- completed:
    pantry-tree:
      sha256: 0f4179868c6f644d7ba8d4d6ccaefd13ae17ff1cd188c924ef4c2db40d1c4f02
      size: 962
    hackage: iproute-1.7.12@sha256:85d181599fab8ceebf4c849110ad571bea2834d6c8c95ae7da33856c42453f40,2999
  original:
    hackage: iproute-1.7.12
- completed:
    pantry-tree:
      sha256: 9efea0791f92d93c385a21a22c4d63a0aa4385b40f211d215b9ef57cbc4fa0c7
      size: 1421
    hackage: kan-extensions-5.2.4@sha256:704f31727825ded0a7adc6d399f3b316967e43be72c957ad2d915cc18a9d4d61,2950
  original:
    hackage: kan-extensions-5.2.4
- completed:
    pantry-tree:
      sha256: d966a0e79bb1d7acfc3f07d1a56a2f0b9c34330dc812edd3d47f9ab9f2f23429
      size: 3112
    hackage: math-functions-0.3.4.2@sha256:5d942f0d6478c2a6b22049c033943538f8dd357c66ff874d328082136433cafb,4791
  original:
    hackage: math-functions-0.3.4.2
- completed:
    pantry-tree:
      sha256: 5ed212b347221e94e502a123d04e4aaf926e58b3476f76f149f1eb01885cecce
      size: 1518
    hackage: megaparsec-9.2.1@sha256:0b709575e3440a7bc07ef3f57ada765c1808151d56103d9fe42f6faa9763fe2e,3220
  original:
    hackage: megaparsec-9.2.1
- completed:
    pantry-tree:
      sha256: 5cf87fbc920b9d268dde4964e91baac137708fdbdcf80e2bd6f23812a09d97f0
      size: 311
    hackage: mime-types-0.1.0.9@sha256:d631fe56daed713ec7798933aaa1429dc9912d85375619aa6e25a0fefe8e95e7,826
  original:
    hackage: mime-types-0.1.0.9
- completed:
    pantry-tree:
      sha256: 35608b4b28ecdd606a979270523bfc1a3c57e6027d2b4615b674490ed440b821
      size: 346
    hackage: mmorph-1.2.0@sha256:168ec57ce8434bd59d087e470aeb52882dc6513a275f360da0e770a26dcd5902,1069
  original:
    hackage: mmorph-1.2.0
- completed:
    pantry-tree:
      sha256: f6b2e10b7ad03cbc2bd1df28543c9d514d54bd39833e318b48e5f0998d876df5
      size: 292
    hackage: monad-control-1.0.3.1@sha256:2d657279839e1a760c86a69f00f0c36473ef6972d413ec0f83a40249c70e098e,2365
  original:
    hackage: monad-control-1.0.3.1
- completed:
    pantry-tree:
      sha256: 67732b8c3612c58e5286541213550899dc9495a09ca5283fab4437c489e624b9
      size: 721
    hackage: mwc-random-0.15.0.2@sha256:109e0fb72ce64bda468fc44d9cb5abbf455d6337140b57eb851a8183baba0597,3372
  original:
    hackage: mwc-random-0.15.0.2
- completed:
    pantry-tree:
      sha256: 1981a732d1917213de7f51d26255af733a61918c59eebb6c6f6ca939856839ef
      size: 3971
    hackage: network-3.1.2.7@sha256:e3d78b13db9512aeb106e44a334ab42b7aa48d26c097299084084cb8be5c5568,4888
  original:
    hackage: network-3.1.2.7
- completed:
    pantry-tree:
      sha256: 68ccb16e252378b2ee6da3e076f6eb55dd7928f0d4dd8beb1969433e9bf6f549
      size: 551
    hackage: network-uri-2.6.4.1@sha256:a4765164ed0a2d1668446eb2e03460ce98645fbf083598c690846af79b7de10d,2936
  original:
    hackage: network-uri-2.6.4.1
- completed:
    pantry-tree:
      sha256: 462ef15cb35164d585aa3860f717c9685fbf05578330490860abd544381d2e24
      size: 263
    hackage: old-locale-1.0.0.7@sha256:fa998be2c7e00cd26a6e9075bea790caaf3932caa3e9497ad69bc20380dd6911,1071
  original:
    hackage: old-locale-1.0.0.7
- completed:
    pantry-tree:
      sha256: d6a417b6076136ea30d825c9239f44c2f007e0050f58bff57d2aac80359e5287
      size: 392
    hackage: parallel-3.2.2.0@sha256:19ff631f3a26ee7cf0603e2b80fc375d77d3f350ae460ae72fe4cf5da665c90b,1821
  original:
    hackage: parallel-3.2.2.0
- completed:
    pantry-tree:
      sha256: 3d40dd538ec28c67f9c08c69199d6c4848cf9d0898092d45add9d006f00d788c
      size: 1062
    hackage: reflection-2.1.6@sha256:f41afef54a696377bb7591e12969a56e7a4a1cf1d2a32210ab24c6a7aa9bd7ae,4116
  original:
    hackage: reflection-2.1.6
- completed:
    pantry-tree:
      sha256: 886e7f2e75955532cd8263b61b4172a78dc17ca3fce19649951fee4249d89ff7
      size: 647
    hackage: resourcet-1.2.5@sha256:c6e33a58afaa675f1ac671e996ac06d8238c3ba72f79252b82e1dc61e5109900,1739
  original:
    hackage: resourcet-1.2.5
- completed:
    pantry-tree:
      sha256: 2e5436cd8a2d2fa045aadc7619aa06cf18f4f77d01b70d8c517213b718b69a2b
      size: 657
    hackage: scientific-0.3.7.0@sha256:76465a82beb2af6ea83ebd00684acc0ffe659e7da7066329931dc8f02fc97507,4826
  original:
    hackage: scientific-0.3.7.0
- completed:
    pantry-tree:
      sha256: 635bbbb517f0c063a4bc2e9e6efdb0e598b9d9fd467f52df81ab3a4af1fd923b
      size: 537
    hackage: semialign-1.2.0.1@sha256:0e179b4d3a8eff79001d374d6c91917c6221696b9620f0a4d86852fc6a9b9501,2836
  original:
    hackage: semialign-1.2.0.1
- completed:
    pantry-tree:
      sha256: 1ddbcc4c07bb3a195e718ecd432caa37f9b25c4d4b3fe270d16f480a3d925c4a
      size: 2404
    hackage: semigroupoids-5.3.7@sha256:fb1a86c250997c269106645724a67bc358235245cf385b589f855ac070d4ada0,7488
  original:
    hackage: semigroupoids-5.3.7
- completed:
    pantry-tree:
      sha256: d4775f75891d1e6cfafeb053c5e131920e4f393e2e9f84d0edce48b0c07013b2
      size: 1446
    hackage: servant-client-core-0.19@sha256:f022bf97c75d2cf1f8498252f4fb0033873467318ace61b13eadf3c481b362ea,3787
  original:
    hackage: servant-client-core-0.19
- completed:
    pantry-tree:
      sha256: be6c94ef2a9901e3c642f23a36f2cef8053e3d05779d12c8e625954448d73c55
      size: 787
    hackage: simple-sendfile-0.2.30@sha256:c6893e159dc20eea6d0b805bfd8d9b73e6a6ba3fe72cc396acdc24fdcd33cc38,2676
  original:
    hackage: simple-sendfile-0.2.30
- completed:
    pantry-tree:
      sha256: 0f54aea1f30638c96ccd4752764ef2024e4ee7e110fdb5e364517b892c505797
      size: 278
    hackage: singleton-bool-0.1.6@sha256:1d469f5d5dd9b9308ead832c092bbf7450151884afcaf2bbdab71feb8496e071,1226
  original:
    hackage: singleton-bool-0.1.6
- completed:
    pantry-tree:
      sha256: b88dddc6b991cd570c6750f8d309a9feb76938b29a690abdabc4ababb8c7b2f8
      size: 709
    hackage: some-1.0.3@sha256:938cec5fc0d3a08dde34cfc0acd5a0aa2e9fd489c9dbb64417f16588dfb47af0,2399
  original:
    hackage: some-1.0.3
- completed:
    pantry-tree:
      sha256: 4c21f1f8d1adf106001e5f53b9c2ac3535c7d8fa993234923852703e50d7caf6
      size: 709
    hackage: sop-core-0.5.0.2@sha256:c3162ffb3c6a61ad57d7baa3812d14c02c29eeee795aaa3f8c0719a64d943580,2910
  original:
    hackage: sop-core-0.5.0.2
- completed:
    pantry-tree:
      sha256: 711456a76d9decbb1a18111503b20b2613ad0fcbd1da0d35f7e74ca406317b68
      size: 2947
    hackage: streaming-commons-0.2.2.4@sha256:cda37e6d0320ef05160bac35c180b3e980f9267bf00393af6578a632f1ea8429,4751
  original:
    hackage: streaming-commons-0.2.2.4
- completed:
    pantry-tree:
      sha256: 2a8171b3ff2960552163a6e1dbb640b83e049f22a5b7764cc27c0941334496bd
      size: 654
    hackage: strict-0.4.0.1@sha256:d6205a748eb8db4cd17a7179be970c94598809709294ccfa43159c7f3cc4bf5d,4187
  original:
    hackage: strict-0.4.0.1
- completed:
    pantry-tree:
      sha256: eb5629dce6a5f06b6a80b63b8465023a5d5431c795588039e13f5f324af24e0a
      size: 442
    hackage: string-conversions-0.4.0.1@sha256:9c4075e54aa6cabfe244e07e2a1de720f3e98a0a6980fc671ab9c0da30f0f259,1617
  original:
    hackage: string-conversions-0.4.0.1
- completed:
    pantry-tree:
      sha256: 4548d4f2d43e25a182ac6f5da34364c4a41a1da88468c671445a0bf2a70c130c
      size: 496
    hackage: tagged-0.8.6.1@sha256:29c67d98a4404607f024750ab9c7210dadcbbef4e1944c48c52902f2071b2662,2874
  original:
    hackage: tagged-0.8.6.1
- completed:
    pantry-tree:
      sha256: 1fc6561c4acb94a41e58cd8f8c7cce161c18c5629dac63a54a9c62f9c778c52b
      size: 727
    hackage: text-short-0.1.5@sha256:962c6228555debdc46f758d0317dea16e5240d01419b42966674b08a5c3d8fa6,3498
  original:
    hackage: text-short-0.1.5
- completed:
    pantry-tree:
      sha256: cd2d3fd020b3c6b415e41c71b60999ca7dd14918b056e15e090f640cba1feed8
      size: 670
    hackage: th-abstraction-0.4.3.0@sha256:db4b3b69398acd8a7c5c8cc8a962da55d65d05d44d5039b51bd3cb5fb3d8400f,2148
  original:
    hackage: th-abstraction-0.4.3.0
- completed:
    pantry-tree:
      sha256: 4560a5018324a1b5734b75a04d80b011710fdbe3cb3d3f1e7d15f2192439e4de
      size: 282
    hackage: th-extras-0.0.0.6@sha256:6c00d9eb4d8549e30cfdb166bc95ffbaf92679e055acebe80b50415e7d469b71,1591
  original:
    hackage: th-extras-0.0.0.6
- completed:
    pantry-tree:
      sha256: 09a71077d04df022d79d341f69eb5dad8e8e103839b51f21a28920bba1e1ad9f
      size: 351
    hackage: these-1.1.1.1@sha256:f069e766b8fed73d457fca20cc197f5c539bcdd03d7636e478ddf14dbb67684a,2748
  original:
    hackage: these-1.1.1.1
- completed:
    pantry-tree:
      sha256: b262c5ae8d72d2073d12e1de1863abd234fad8c138df28f32bb51bc232ced608
      size: 4113
    hackage: time-compat-1.9.6.1@sha256:42d8f2e08e965e1718917d54ad69e1d06bd4b87d66c41dc7410f59313dba4ed1,5033
  original:
    hackage: time-compat-1.9.6.1
- completed:
    pantry-tree:
      sha256: 8f5ff87a3d7eb8c01e1f309b580dafe1dc77d3334b0a161994c5fd3a6ed51385
      size: 217
    hackage: time-manager-0.0.0@sha256:d258b1d08f9b926823f5380e9201303b0ebeefe4f9e0047c0cbd7b6728135ee1,657
  original:
    hackage: time-manager-0.0.0
- completed:
    pantry-tree:
      sha256: e55fbafc570488d3303ed79c7e3e74413dabbbe4a9d860d1958e5a1b27930079
      size: 1724
    hackage: transformers-compat-0.7.1@sha256:873ef500790cae136d14b2e890da1fe4df963e372f21b1671fa3c6cdfb23b10f,5807
  original:
    hackage: transformers-compat-0.7.1
- completed:
    pantry-tree:
      sha256: 530668be5ded77879c925433ec40e1e4f4a9113a8527410f8f282d3cf92eb950
      size: 1267
    hackage: unix-compat-0.6@sha256:db47d4ad77f3f865d162a531d9b759ed30e2722710a8358aa6df1d3fcf83f552,3569
  original:
    hackage: unix-compat-0.6
- completed:
    pantry-tree:
      sha256: bac61d98c6852bb5f80eabb0a82369f3b2760b965f66fd52738b1e22b1362798
      size: 2423
    hackage: unliftio-0.2.22.0@sha256:2a3f0298a293c48eddd10c25cbbd6206b6e745cee2e648e48e16531a3ef21ce8,3314
  original:
    hackage: unliftio-0.2.22.0
- completed:
    pantry-tree:
      sha256: 1870de393820b94af9efb8fcdd31940543569cdcd3d13296bc224438b2b107d8
      size: 1517
    hackage: unordered-containers-0.2.19.1@sha256:7d43e557b32a30eeac22e68b8430384bf829b0b2313761026a7f103395b047d5,3638
  original:
    hackage: unordered-containers-0.2.19.1
- completed:
    pantry-tree:
      sha256: 53d0b46a614d80bc1dfa5f51bffa7cab89a88dfe4f46d24b505cf696604f33b6
      size: 480
    hackage: uuid-types-1.0.5@sha256:8447b8a08723877400da13b6329b3fb19ea9e4c20fabe62888841eb3708d7474,2608
  original:
    hackage: uuid-types-1.0.5
- completed:
    pantry-tree:
      sha256: dcfef7442499db8bd17b15cf9ab9753a23b3d6e564f08f08ce4daf059c42ff63
      size: 771
    hackage: vault-0.3.1.5@sha256:d1647db5a222db5e8abf5d9252a2912a34b70fc5160762dcc2213a209b54641d,2366
  original:
    hackage: vault-0.3.1.5
- completed:
    pantry-tree:
      sha256: 850a7481c87750751d87369690e3bacbdf986716b338ecadb3eeb1af5b192049
      size: 1439
    hackage: vector-algorithms-0.8.0.4@sha256:bf4760b23a0fee09abb8c9e3c952c870f5dc9780876e9d7e38ab2bdd98c8f283,3752
  original:
    hackage: vector-algorithms-0.8.0.4
- completed:
    pantry-tree:
      sha256: 245c73d43bbff59136831d8e0b416c2f22d60b520ba4a89843ddc9c3f3500109
      size: 346
    hackage: vector-binary-instances-0.2.5.2@sha256:0ac67168f86f39d61e7f39f409c0ce78d242c2fc2d2e044f528ef210f0d47265,2600
  original:
    hackage: vector-binary-instances-0.2.5.2
- completed:
    pantry-tree:
      sha256: e8d1e9f6337c8a9faa77905004d4fc635b12ac2645ce89bfc32a0ba72ef441d6
      size: 385
    hackage: vector-th-unbox-0.2.2@sha256:96837c9205660006ddf515c5f92bab825cf2e59fc80b7d61b269de72abac92cf,1584
  original:
    hackage: vector-th-unbox-0.2.2
- completed:
    pantry-tree:
      sha256: 24294d24aa28d9eba747b796e49d32afcecda70ba0d446e4073d9b2581a90a6e
      size: 485
    hackage: wai-3.2.3@sha256:c7518618bdb842116dbc1a4e4553223799eef43add19278c2bbffb4536595fe0,1776
  original:
    hackage: wai-3.2.3
- completed:
    pantry-tree:
      sha256: ae1a53b799f89c6ea449ede2547ae1dc8bb5e7cd0531bd5a39e8842edd91c3ec
      size: 1343
    hackage: wai-app-static-3.1.7.4@sha256:551d79e6a78c3c6a2c23c603122482288fa021f7c07a1ce5cbf8730167eb20fc,4297
  original:
    hackage: wai-app-static-3.1.7.4
- completed:
    pantry-tree:
      sha256: 9249e2860d2d03f1d4b2204ee996eeeed836cfcfc426512742cc0e07f96fd407
      size: 384
    hackage: witherable-0.4.2@sha256:81fd3b1e56e6d8c5b1acdbed06d49c72186902f7400139152afd70e37ad956d2,2285
  original:
    hackage: witherable-0.4.2
- completed:
    pantry-tree:
      sha256: f90debca29fa7b54bb82f1bc6843c827fcea96b5149af4dd0ed69dad73856f0e
      size: 478
    hackage: word8-0.1.3@sha256:e5464d0600821a116467d4b12fef12b15ff040c3599500e5f0274225e78c6faf,1397
  original:
    hackage: word8-0.1.3
- completed:
    pantry-tree:
      sha256: d81ffd09633c0417bcedbfc29f870cc843ec0750edd2f73c8fd60a5e5df278d2
      size: 1124
    hackage: x509-1.7.7@sha256:90eef2d745a654146fc1c325e035eaddac531e4d2145d4bc1dcf4b8fad439d34,2276
  original:
    hackage: x509-1.7.7
- completed:
    pantry-tree:
      sha256: 204cac98219e99334f47b12c565945611748ea03a4d629273dd697d738bcfd7f
      size: 314
    hackage: StateVar-1.2.2@sha256:3c022c00485fe165e3080d5da6b3ca9c9b02f62c5deebc584d1b3d1309ce673e,1673
  original:
    hackage: StateVar-1.2.2
- completed:
    pantry-tree:
      sha256: a7664f107f41bfbceb029310dae9fe5d06a33820a3c6970cdf0624916e339afd
      size: 1391
    hackage: adjunctions-4.4.1@sha256:baee1b1c55f3072611b8d386a2985c8fbd50e96ee0e6d865ba72b294b9081055,3250
  original:
    hackage: adjunctions-4.4.1
- completed:
    pantry-tree:
      sha256: 71d732f3f95c8ddcebaa7645ff743dd91e680b5b5063e8707ef53d2eaf94c94e
      size: 1461
    hackage: ansi-terminal-0.11.3@sha256:cc499d5f4c09a7213cd752ee69dbb5a5b8f3d1c777274e609eea4bca5c68ac8c,3321
  original:
    hackage: ansi-terminal-0.11.3
- completed:
    pantry-tree:
      sha256: c8bae7bc8c04b6c3593b48f19f1d626face90832f268f6857aba934bccd4272d
      size: 506
    hackage: appar-0.1.8@sha256:a5d529bacbb74d566e4c5f9479af0637eac5957705f6db4d2670517489795de8,1070
  original:
    hackage: appar-0.1.8
- completed:
    pantry-tree:
      sha256: 09963511234ed8fdd0682b10e8366de5105cc513d4daa014d7990496b788b122
      size: 981
    hackage: asn1-encoding-0.9.6@sha256:27ed8f6043aed79630313bb931f7c8e2b510f0b4586cd55c16ae040c7d1ea098,2060
  original:
    hackage: asn1-encoding-0.9.6
- completed:
    pantry-tree:
      sha256: 2a6766aa05af5b045ff2d097b5f99621f983d471e254079ef4e56acff26b2248
      size: 212
    hackage: asn1-parse-0.9.5@sha256:77c0126d63070df2d82cb4cfa4febb26c4e280f6d854bc778c2fa4d80ce692b8,976
  original:
    hackage: asn1-parse-0.9.5
- completed:
    pantry-tree:
      sha256: 254adba538008f12853e83b8909ba11ef11e9b8bcb1edc3a97dc6fdb29dad45a
      size: 525
    hackage: asn1-types-0.3.4@sha256:8e879b3a5bbdd0031232eb84d904b5a3a2c20a18847692b996d774f4ff811355,1025
  original:
    hackage: asn1-types-0.3.4
- completed:
    pantry-tree:
      sha256: 15ff28e86f5e0efae84f461a0d885ae0c5313a3545df1684bcbe89e65cdbaab3
      size: 309
    hackage: attoparsec-iso8601-1.0.2.1@sha256:e9599340c5c3cd0812bb7d42c2e7652715365730c1e786bc5ab2bc3d30bf7368,1652
  original:
    hackage: attoparsec-iso8601-1.0.2.1
- completed:
    pantry-tree:
      sha256: 4dba326368b9b70ffd85876cae05dbf5514fb6277b43b146a8c278b08533717a
      size: 2227
    hackage: blaze-html-0.9.1.2@sha256:74b89ffa665891f528f571ce9e3c2dce24f698563f14b6f5e9e0512eccdf5dc2,3062
  original:
    hackage: blaze-html-0.9.1.2
- completed:
    pantry-tree:
      sha256: 0c2cc6a93d3f83070a66de8d28f12b78e5c5f586fed97a3c47311e7d30b7dfac
      size: 818
    hackage: blaze-markup-0.8.2.8@sha256:38d7a3840163aeaff8194d8a3af354a8c4c4db833f172b88f8bfb7d23dd59f1c,2413
  original:
    hackage: blaze-markup-0.8.2.8
- completed:
    pantry-tree:
      sha256: fa1a025be3e5cc15ba3dd76a19da0f2bd4ba62a6bb79f8164449ee31b181d664
      size: 216
    hackage: boring-0.2@sha256:4076be544642d1e674314f285854fe7534de9d52ddc7c0d227cbdc5bca5dda84,2079
  original:
    hackage: boring-0.2
- completed:
    pantry-tree:
      sha256: 1544dc41983f7fe963740d9a8ce2aec1daef17bcb0916fda253dbfa73a14c77a
      size: 212
    hackage: byteorder-1.0.4@sha256:a952817dcbe20af0346fb55a28c13e95e2ddbf3e99f9b4fffdc063f150f13b20,636
  original:
    hackage: byteorder-1.0.4
- completed:
    pantry-tree:
      sha256: df1cbe4cc40d569cc75ffed40bc5deac43cb085653980b42b9b6a5d4b745a30a
      size: 23323
    hackage: cryptonite-0.30@sha256:12c85dea7be63e5ad90bcb487eb3846bf3c413347f94336fa1dede7b28f9936a,18301
  original:
    hackage: cryptonite-0.30
- completed:
    pantry-tree:
      sha256: f0de4a89f39e4a954cdc46c0bf2cb670dae067e1c8ada15394dd688f909f78d9
      size: 213
    hackage: dec-0.0.4@sha256:0367be8f7c5865c9a4d9fa6205f98b804ef59eee1207833dc14a4864f5b1b107,1401
  original:
    hackage: dec-0.0.4
- completed:
    pantry-tree:
      sha256: 19e38c295f02ea4cf3891ccb8048ed10d426b937bb14215f64aadc0cd62bda72
      size: 478
    hackage: file-embed-0.0.15.0@sha256:18beed8999dff37bcffd0d1d8a59dcd406be8e517c10213afefc941091985c06,1426
  original:
    hackage: file-embed-0.0.15.0
- completed:
    pantry-tree:
      sha256: 2b452cfac948057203679468e3e856e7fdf884c3c051f42bc52ba6253ca896e0
      size: 1605
    hackage: hourglass-0.2.12@sha256:e083f5e030dfebe432e30a9c0fa07a99a54eac992f622442646be561fd7a44e8,3085
  original:
    hackage: hourglass-0.2.12
- completed:
    pantry-tree:
      sha256: 804c8c0d77470f84640ee70c66155f770798e295c0a0572e41d071f69e24ca4e
      size: 865
    hackage: integer-logarithms-1.0.3.1@sha256:b65e11ec6f4b29c5278716da0544b951a49ab5310608df0fc41eec29f15691d9,3229
  original:
    hackage: integer-logarithms-1.0.3.1
- completed:
    pantry-tree:
      sha256: 79e3bbb2777e7d55c616a6a5cc75ffa20246b0736c2094a4c5f4da1933b64810
      size: 650
    hackage: invariant-0.5.6@sha256:bd202f3bc499b397de5a4056a788e6dffc798ac0660c53c67f62eb055a9e16bc,3468
  original:
    hackage: invariant-0.5.6
- completed:
    pantry-tree:
      sha256: d63a3ac4e57e9b9288209eb4b01bc348309c6966f3e3ed5e9952f0803f78eb65
      size: 2436
    hackage: memory-0.17.0@sha256:c8809b0b3026193c813a88c1f626758c923fae7e0b0d6b96b91c6ce5e14173ec,4468
  original:
    hackage: memory-0.17.0
- completed:
    pantry-tree:
      sha256: 9083de865faa459721e4e0dc5ebec891fa1a1796a1fcdd78588004a926d9f4cb
      size: 280
    hackage: network-byte-order-0.1.6@sha256:23d8b609ac43a69d04d5e8f411e5f86a0266c0e8b33b65f8c92ebda64273fe3a,1313
  original:
    hackage: network-byte-order-0.1.6
- completed:
    pantry-tree:
      sha256: 0754c8d3f213156877f8085da2ad74433167a6c30272b8b64119a2628bd7ade0
      size: 795
    hackage: parser-combinators-1.3.0@sha256:edd54ba56cbae8fadbcceebcfef31b2c70a835e92e5eda41151b939c40647281,1570
  original:
    hackage: parser-combinators-1.3.0
- completed:
    pantry-tree:
      sha256: 2413dd2c97c72d6e00330057b158973faa6336de068a9be4d6fdcfd474485f77
      size: 425
    hackage: pem-0.2.4@sha256:cc8e62118b783e284dc0fa032f54fe386a3861a948ec88079370a433c103a705,1441
  original:
    hackage: pem-0.2.4
- completed:
    pantry-tree:
      sha256: b4ccb2bc60af99ae76d6f978a533698bfb931730972d4b4be0e22fef9cf60c85
      size: 1696
    hackage: psqueues-0.2.7.3@sha256:7213d78598d397255b1861df318d9b5058577f86a9b83a8b652540cbdbc83033,4834
  original:
    hackage: psqueues-0.2.7.3
- completed:
    pantry-tree:
      sha256: 40010636c24cebf3f3e29e9b3b8e6c35f249f5e5d253925433140bb0b4e3f891
      size: 564
    hackage: safe-0.3.19@sha256:0910dafb8898f52bde4c646e560228a0fd08b1fca5457f222d2f5c0fad6d2039,2317
  original:
    hackage: safe-0.3.19
- completed:
    pantry-tree:
      sha256: 3ee55cc33d69da2953e7093f99199fbc0bfa9d90dccd19cac101d09befa5bbb3
      size: 3396
    hackage: syb-0.7.2.1@sha256:bf42655a213402215299e435c52f799e76cbec0b984cd7153d6b9af8a1c0803f,3815
  original:
    hackage: syb-0.7.2.1
- completed:
    pantry-tree:
      sha256: 6ee0f5fcaec541de64e7cf021a34339e8eb025c502ec5ba73cba12fa5d64c541
      size: 530
    hackage: th-compat-0.1.3@sha256:f65819f74c6ced42b24d9e5053165508c4b6a18271c8e3229dc93b1dc8f7a5ab,2972
  original:
    hackage: th-compat-0.1.3
- completed:
    pantry-tree:
      sha256: ea121a8b58ce43a4f1f7556cc73e8c2b8b71950d9ccf35252fd3e9c3514c8798
      size: 313
    hackage: type-equality-1@sha256:bb3a34a93ad02866763b325e889ea9f5aa31f7428e32dcaa1cf14015bd21b9cb,1597
  original:
    hackage: type-equality-1
- completed:
    pantry-tree:
      sha256: bc28cbe467d99caa6399e7cd85cf33548776bbd2c1e91369fe10268c9de546e6
      size: 1073
    hackage: unix-time-0.4.7@sha256:c0d971d04561875b908451c563df8728fe6d8639c90e070b244227f13f76ab8e,2570
  original:
    hackage: unix-time-0.4.7
- completed:
    pantry-tree:
      sha256: 9955bc1336dd07c94928892f1a97aed6e5fe63a4242f089a0efd2e95174490ea
      size: 328
    hackage: unliftio-core-0.2.0.1@sha256:f9abcdd3f3d28e4840563efb7b8760d2de9b5707bcd6f53a87f6a0d77bb5a9f7,1082
  original:
    hackage: unliftio-core-0.2.0.1
- completed:
    pantry-tree:
      sha256: 8fb350fc851448321f7ad059641e1263ac5a6724f4725daf233447e988197264
      size: 4403
    hackage: wai-extra-3.1.12.1@sha256:b1e9e5eccb4a51b77bb8c9aafd6840e918047ffd6048eb538ef34b61a9d2fe8d,7737
  original:
    hackage: wai-extra-3.1.12.1
- completed:
    pantry-tree:
      sha256: 87b7fd16379d679eb01d9fae78b4db97356d301fce4a040ba9e690d16eeb98b2
      size: 2622
    hackage: zlib-0.6.3.0@sha256:8214a9d37580f17f8b675109578a5dbe6853559eef156e34dc2233f1123ace33,5216
  original:
    hackage: zlib-0.6.3.0
- completed:
    pantry-tree:
      sha256: 4f20a5a33866171260d0ee1e256c27f53cc84d37a68d498c3e12347f4e3d05b4
      size: 878
    hackage: HUnit-1.6.2.0@sha256:1a79174e8af616117ad39464cac9de205ca923da6582825e97c10786fda933a4,1588
  original:
    hackage: HUnit-1.6.2.0
- completed:
    pantry-tree:
      sha256: 4704628ec7f2931fbb576a1212ebe4050de32f5d12c150a52d370be0a1df4554
      size: 5799
    hackage: basement-0.0.14@sha256:d28a94225234a9895abbf88cdbf171fdea8cb478d718479f06522238b2cc7e74,5403
  original:
    hackage: basement-0.0.14
- completed:
    pantry-tree:
      sha256: 03f8e22f364deb86098dbfbe0bf83c896437b2355f139abdac0402658fb6ac7e
      size: 1183
    hackage: colour-2.3.6@sha256:ebdcbf15023958838a527e381ab3c3b1e99ed12d1b25efeb7feaa4ad8c37664a,2378
  original:
    hackage: colour-2.3.6
- completed:
    pantry-tree:
      sha256: a3e9413b93e9a6ed6f786ba03866a7c9a3f04c0cd2a575d8b443338fdd55a0d6
      size: 1148
    hackage: fast-logger-3.1.1@sha256:9ffbb0d475edf6c3ed13cae0b24202a22a1a29848d9810785849f1f2332b6ee1,2398
  original:
    hackage: fast-logger-3.1.1
- completed:
    pantry-tree:
      sha256: 890bbbdf4175a409efd7c7c9fe153b71680e33bebeb74c9351d7d9d3a59d3d0e
      size: 810
    hackage: old-time-1.1.0.3@sha256:c91fbb3ee73d20ccd015842b30f1f29a304893ebe0ae3128b7bbc13d5bb0d4c8,1328
  original:
    hackage: old-time-1.1.0.3
- completed:
    pantry-tree:
      sha256: d4d3f0b32a68cf8808fcb8d2de117ab9ec09dbfec93a297aa3d386ca79a0fe05
      size: 481
    hackage: semigroups-0.20@sha256:925341e6f7eb104cb490bef06eab93bb7995c7c67c51ee938185a2ddefa7aaf2,6333
  original:
    hackage: semigroups-0.20
- completed:
    pantry-tree:
      sha256: 63b12965b20cb3e2f839e5c53f12b62f24fb0261f541d52e6c3e740d4f8f51f0
      size: 1944
    hackage: tasty-1.4.2.3@sha256:5c861bf8954d9e775769d3cfb13f55922839de3d1243dd4418505fdd0e05619a,2690
  original:
    hackage: tasty-1.4.2.3
- completed:
    pantry-tree:
      sha256: c82bce9c756f82fa9221fc2f89b8fa52858d630a388b9288af90cb0c03e084de
      size: 399
    hackage: tasty-hunit-0.10.0.3@sha256:ba774024f3a26100c559dbef41e030bdf443408ed848691f7b9aa85b6fb218c3,1545
  original:
    hackage: tasty-hunit-0.10.0.3
- completed:
    pantry-tree:
      sha256: 5730b45e857424c97d24ee1cf530be1fc782cd000221ac97b5568be886cbbc2b
      size: 584
    hackage: void-0.7.3@sha256:13d30f62fcdf065e595d679d4ac8b4b0c1bb1a1b73db7b5b5a8f857cb5c8a546,1857
  original:
    hackage: void-0.7.3
- completed:
    pantry-tree:
      sha256: e65ce23ad056ec07ff620d52b9c36c73a68d422dfca28e12e4c0d234f143389c
      size: 474
    hackage: wai-logger-2.4.0@sha256:630b3d573dce5c6a84dfb372d69f8d15f9dbb52d6a04df43e57a44f0ca0eab0a,1671
  original:
    hackage: wai-logger-2.4.0
- completed:
    pantry-tree:
      sha256: 6f3c2e83f91bde71a9ea9c3e8835e8a44958d0792c62f81cefaf1921a978b919
      size: 334
    hackage: cabal-doctest-1.0.9@sha256:ad465439405287582adfd0f80d1b2ae87307c2626c3cf0a58effef88ff808937,1501
  original:
    hackage: cabal-doctest-1.0.9
- completed:
    pantry-tree:
      sha256: 218acf3e0001825c43d70948e42a7b702de342fa34eab6fd41dd035a2f6ce8cf
      size: 417
    hackage: easy-file-0.2.2@sha256:72303120495a9fed82276a7987434361edd6dfecafad241d7c6c03b68e4801e5,1048
  original:
    hackage: easy-file-0.2.2
- completed:
    pantry-tree:
      sha256: 594444ec1752b280cad420f2c410cf45caebe65b844202bceb5a6438068e8ba9
      size: 360
    hackage: unbounded-delays-0.1.1.1@sha256:d7a2a49f15bdff2a8bdbd76f9d204580ea4be5a9def500c6371d51d8111cbcbe,1209
  original:
    hackage: unbounded-delays-0.1.1.1
- completed:
    pantry-tree:
      sha256: e41a76d32d11404240c0f5263e9f6dc9874083a1119db703ee65c28ed76f4505
      size: 328
    hackage: wcwidth-0.0.2@sha256:77531eb6683c505c22ab3fa11bbc43d3ce1e7dac21401d4d5a19677d348bb5f3,1998
  original:
    hackage: wcwidth-0.0.2
- completed:
    pantry-tree:
      sha256: d6a9b3a15bc2e7b53fda331279cfdbc299fbf0c4be2ee8c1b6b79b924b6fdeb4
      size: 2830
    hackage: cairo-0.13.8.2@sha256:ef1709c3c4d2c6d68a9a51d9f220dccc0745f6468d2d0868c15a7ecdf8f325a1,4078
  original:
    hackage: cairo-0.13.8.2
- completed:
    pantry-tree:
      sha256: b1733df766fe4f04f052aa4d08d4fed2e506dc0fd1d5357d9020c4256cbd9ac7
      size: 2036
    hackage: gio-0.13.8.2@sha256:95a9cc25976992aea0c4d0482b4f98ef165eca9ec2ccd553e2ce646bb0d8c66d,3136
  original:
    hackage: gio-0.13.8.2
- completed:
    pantry-tree:
      sha256: 2442a22152231a94e2f1ecfe7ddc0f4e5fb2d5ae116b371508a448bd3312ef06
      size: 1625
    hackage: glib-0.13.8.2@sha256:f44b829e741b3c3244d523f60b058701dfc067ff64c2ba61d43be4cccfc2663d,3156
  original:
    hackage: glib-0.13.8.2
- completed:
    pantry-tree:
      sha256: 1f93c6dbf2573503c48019fdf9f4662dcac494beaecccaea1873ec901eb2152f
      size: 3588
    hackage: gtk2hs-buildtools-0.13.8.3@sha256:207229eee7abff12aba2740b32131522086275e46f2e72a0f5bbc3cb781e9d4d,5304
  original:
    hackage: gtk2hs-buildtools-0.13.8.3
- completed:
    pantry-tree:
      sha256: 51dda0aa70849588d074125f324beba1c8736cfa486e7f4a90a798b1d0e6019d
      size: 1248
    hackage: hashable-1.4.0.2@sha256:0cddd0229d1aac305ea0404409c0bbfab81f075817bd74b8b2929eff58333e55,5005
  original:
    hackage: hashable-1.4.0.2
- completed:
    pantry-tree:
      sha256: 10c335853e1d43e0b7426b33e8ddbdb90b3e318ebec4d58f0726a2f4cfb2e1c9
      size: 1506
    hackage: pango-0.13.8.2@sha256:d4057ebddade4cde3e25d7755b5e030e7a7e56fe7365afd37916a7bba46d3fd9,3917
  original:
    hackage: pango-0.13.8.2
- completed:
    pantry-tree:
      sha256: 71a850c658b70e869da19f61615d87d9d6ecec597f0e3d4b498da56559114829
      size: 1655
    hackage: primitive-0.7.4.0@sha256:89b88a3e08493b7727fa4089b0692bfbdf7e1e666ef54635f458644eb8358764,2857
  original:
    hackage: primitive-0.7.4.0
- completed:
    pantry-tree:
      sha256: 646ee77fe01178837ee928b61ae8653dcf190e9b5353ebebd094079c77a18b76
      size: 1528
    hackage: random-1.2.1.1@sha256:dea1f11e5569332dc6c8efaad1cb301016a5587b6754943a49f9de08ae0e56d9,6541
  original:
    hackage: random-1.2.1.1
- completed:
    pantry-tree:
      sha256: 79f4645c11b7a3861db0b596297f72804f509444d639a8fd7c0162b1ed80c578
      size: 1519
    hackage: splitmix-0.1.0.4@sha256:714a55fd28d3e2533bd5b49e74f604ef8e5d7b06f249c8816f6c54aed431dcf1,6483
  original:
    hackage: splitmix-0.1.0.4
- completed:
    pantry-tree:
      sha256: 0863c3c9b6ee24dd38873c62e38ac46dd50aff2ea6b362beadf7f9b4a273c75f
      size: 601
    hackage: utf8-string-1.0.2@sha256:79416292186feeaf1f60e49ac5a1ffae9bf1b120e040a74bf0e81ca7f1d31d3f,1538
  original:
    hackage: utf8-string-1.0.2
- completed:
    pantry-tree:
      sha256: 0537bb4fc4d6aba4ba970cf4aa82feda0227441a6b60ceb4a5b5c8618837f248
      size: 3842
    hackage: vector-0.12.3.1@sha256:fffbd00912d69ed7be9bc7eeb09f4f475e0d243ec43f916a9fd5bbd219ce7f3e,8238
  original:
    hackage: vector-0.12.3.1
- completed:
    pantry-tree:
      sha256: 56cc4bae15df1a6370f2d6fed6726937e3b2df1c6eba1e8be6a2bf3fe7c75310
      size: 4880
    hackage: alex-3.2.7.1@sha256:ab26a38cefae59403f746370e5a0c943b8d5bda098eb83f37052b2429ee780ce,3911
  original:
    hackage: alex-3.2.7.1
- completed:
    pantry-tree:
      sha256: ff2e7df7cfe8746eedc6f69c225fa8c899c26d28f1c4964eeb00a5d757d30351
      size: 8749
    hackage: happy-1.20.0@sha256:5d47dc221a9fe964e36aaaa2e1ab7e8f085a225fd6528d6eff310b92360bbe99,5732
  original:
    hackage: happy-1.20.0
- completed:
    pantry-tree:
      sha256: e71f113ad989dbc994e0fb52bcc219d62930de9afa8b3441bf7909e864481b33
      size: 2895
    hackage: hashtables-1.3@sha256:ab21804fdafbbd8ad918b2911dabb729ae0ea891780fe66bf7804cbcd07edadf,10379
  original:
    hackage: hashtables-1.3
snapshots: []
